
Microsoft Visual Studio Solution File, Format Version 12.00
# Visual Studio 15
VisualStudioVersion = 15.0.26430.12
MinimumVisualStudioVersion = 10.0.40219.1
Project("{FAE04EC0-301F-11D3-BF4B-00C04F79EFBC}") = "JSONClient", "JSONClient\JSONClient.csproj", "{1845E154-1832-42F5-86E4-AC5CE360BDC8}"
EndProject
Project("{FAE04EC0-301F-11D3-BF4B-00C04F79EFBC}") = "JSONClientSampleCore", "JSONClientSampleCore\JSONClientSampleCore.csproj", "{8647254E-B5F1-490C-BFD3-89435C914A03}"
EndProject
Project("{FAE04EC0-301F-11D3-BF4B-00C04F79EFBC}") = "JSONClientSample", "JSONClientSample\JSONClientSample.csproj", "{1D462785-1980-4EBA-838B-B2BFEAD4C598}"
EndProject
Global
	GlobalSection(SolutionConfigurationPlatforms) = preSolution
		Debug|Any CPU = Debug|Any CPU
		Release|Any CPU = Release|Any CPU
	EndGlobalSection
	GlobalSection(ProjectConfigurationPlatforms) = postSolution
		{1845E154-1832-42F5-86E4-AC5CE360BDC8}.Debug|Any CPU.ActiveCfg = Debug|Any CPU
		{1845E154-1832-42F5-86E4-AC5CE360BDC8}.Debug|Any CPU.Build.0 = Debug|Any CPU
		{1845E154-1832-42F5-86E4-AC5CE360BDC8}.Release|Any CPU.ActiveCfg = Release|Any CPU
		{1845E154-1832-42F5-86E4-AC5CE360BDC8}.Release|Any CPU.Build.0 = Release|Any CPU
		{8647254E-B5F1-490C-BFD3-89435C914A03}.Debug|Any CPU.ActiveCfg = Debug|Any CPU
		{8647254E-B5F1-490C-BFD3-89435C914A03}.Debug|Any CPU.Build.0 = Debug|Any CPU
		{8647254E-B5F1-490C-BFD3-89435C914A03}.Release|Any CPU.ActiveCfg = Release|Any CPU
		{8647254E-B5F1-490C-BFD3-89435C914A03}.Release|Any CPU.Build.0 = Release|Any CPU
		{1D462785-1980-4EBA-838B-B2BFEAD4C598}.Debug|Any CPU.ActiveCfg = Debug|Any CPU
		{1D462785-1980-4EBA-838B-B2BFEAD4C598}.Debug|Any CPU.Build.0 = Debug|Any CPU
		{1D462785-1980-4EBA-838B-B2BFEAD4C598}.Release|Any CPU.ActiveCfg = Release|Any CPU
		{1D462785-1980-4EBA-838B-B2BFEAD4C598}.Release|Any CPU.Build.0 = Release|Any CPU
	EndGlobalSection
	GlobalSection(SolutionProperties) = preSolution
		HideSolutionNode = FALSE
	EndGlobalSection
EndGlobal
